
Microsoft Visual Studio Solution File, Format Version 12.00
Project("{2150E333-8FDC-42A3-9474-1A3956D46DE8}") = "SlidingWindow", "SlidingWindow", "{36F9E65E-37E1-4D80-BF00-E884A955FE12}"
EndProject
Project("{FAE04EC0-301F-11D3-BF4B-00C04F79EFBC}") = "MinimumSizeSubarraySum209", "MinimumSizeSubarraySum209\MinimumSizeSubarraySum209.csproj", "{2B072BFA-08A5-4E55-BD3A-59DBB503FDD3}"
EndProject
Project("{FAE04EC0-301F-11D3-BF4B-00C04F79EFBC}") = "LongestRepeatingCharacterReplacement424", "LongestRepeatingCharacterReplacement424\LongestRepeatingCharacterReplacement424.csproj", "{5099BE17-D2B7-4C93-9571-7F56F0EE3229}"
EndProject
Project("{FAE04EC0-301F-11D3-BF4B-00C04F79EFBC}") = "ShortestSubarrayWithSumAtLeastK862", "ShortestSubarrayWithSumAtLeastK862\ShortestSubarrayWithSumAtLeastK862.csproj", "{53074C42-FB59-4C3A-AAE3-EC885FBFC7D2}"
EndProject
Project("{FAE04EC0-301F-11D3-BF4B-00C04F79EFBC}") = "FruitIntoBaskets904", "FruitIntoBaskets904\FruitIntoBaskets904.csproj", "{4FD59532-12D3-4962-AC92-6FF333D0F130}"
EndProject
Project("{FAE04EC0-301F-11D3-BF4B-00C04F79EFBC}") = "PermutationInString", "PermutationInString\PermutationInString.csproj", "{41800F27-BB27-41BC-95C2-070DAD684F18}"
EndProject
Project("{FAE04EC0-301F-11D3-BF4B-00C04F79EFBC}") = "N_9_PalindromeNumber", "N_9_PalindromeNumber\N_9_PalindromeNumber.csproj", "{96953B90-19EF-4D9C-99D8-6317C9801BD4}"
EndProject
Project("{FAE04EC0-301F-11D3-BF4B-00C04F79EFBC}") = "N_7_ReverseInteger", "N_7_ReverseInteger\N_7_ReverseInteger.csproj", "{49731413-E92B-46DF-B8E7-03A9F64AF560}"
EndProject
Project("{FAE04EC0-301F-11D3-BF4B-00C04F79EFBC}") = "N_49_GroupAnagrams", "N_49_GroupAnagrams\N_49_GroupAnagrams.csproj", "{E72FC38C-FDED-40B1-9934-025D6EA24013}"
EndProject
Project("{2150E333-8FDC-42A3-9474-1A3956D46DE8}") = "Heap", "Heap", "{1D5DB4CF-58B3-4D0F-B36A-ACB740C480C3}"
EndProject
Project("{FAE04EC0-301F-11D3-BF4B-00C04F79EFBC}") = "N_215_KthLargestElementInAnArray", "N_215_KthLargestElementInAnArray\N_215_KthLargestElementInAnArray.csproj", "{9C4D3404-C4DB-4900-9B01-C125F3E7DC76}"
EndProject
Project("{2150E333-8FDC-42A3-9474-1A3956D46DE8}") = "Leetcode", "Leetcode", "{4CFCEB29-5C81-4544-AA4E-D7C9F6E79744}"
EndProject
Project("{2150E333-8FDC-42A3-9474-1A3956D46DE8}") = "Misc", "Misc", "{CE426C94-8D5E-4B62-9661-2EB4FA7363FB}"
EndProject
Project("{2150E333-8FDC-42A3-9474-1A3956D46DE8}") = "ExpressionInterpreter", "ExpressionInterpreter", "{E0E057D4-978B-4FB6-B770-8896F645AC32}"
EndProject
Project("{FAE04EC0-301F-11D3-BF4B-00C04F79EFBC}") = "ExpressionInterpreter.App", "ExpressionInterpreter.App\ExpressionInterpreter.App.csproj", "{E7D6E49F-8C4A-456C-9753-B6AF4AE7C936}"
EndProject
Project("{FAE04EC0-301F-11D3-BF4B-00C04F79EFBC}") = "ExpressionInterpreter.Tests", "ExpressionInterpreter.Tests\ExpressionInterpreter.Tests.csproj", "{62B8AE2C-67DD-4030-92DF-1046CDEC0863}"
EndProject
Global
	GlobalSection(SolutionConfigurationPlatforms) = preSolution
		Debug|Any CPU = Debug|Any CPU
		Release|Any CPU = Release|Any CPU
	EndGlobalSection
	GlobalSection(NestedProjects) = preSolution
		{2B072BFA-08A5-4E55-BD3A-59DBB503FDD3} = {36F9E65E-37E1-4D80-BF00-E884A955FE12}
		{5099BE17-D2B7-4C93-9571-7F56F0EE3229} = {36F9E65E-37E1-4D80-BF00-E884A955FE12}
		{53074C42-FB59-4C3A-AAE3-EC885FBFC7D2} = {36F9E65E-37E1-4D80-BF00-E884A955FE12}
		{4FD59532-12D3-4962-AC92-6FF333D0F130} = {36F9E65E-37E1-4D80-BF00-E884A955FE12}
		{41800F27-BB27-41BC-95C2-070DAD684F18} = {36F9E65E-37E1-4D80-BF00-E884A955FE12}
		{9C4D3404-C4DB-4900-9B01-C125F3E7DC76} = {1D5DB4CF-58B3-4D0F-B36A-ACB740C480C3}
		{1D5DB4CF-58B3-4D0F-B36A-ACB740C480C3} = {4CFCEB29-5C81-4544-AA4E-D7C9F6E79744}
		{36F9E65E-37E1-4D80-BF00-E884A955FE12} = {4CFCEB29-5C81-4544-AA4E-D7C9F6E79744}
		{E72FC38C-FDED-40B1-9934-025D6EA24013} = {4CFCEB29-5C81-4544-AA4E-D7C9F6E79744}
		{49731413-E92B-46DF-B8E7-03A9F64AF560} = {4CFCEB29-5C81-4544-AA4E-D7C9F6E79744}
		{96953B90-19EF-4D9C-99D8-6317C9801BD4} = {4CFCEB29-5C81-4544-AA4E-D7C9F6E79744}
		{E0E057D4-978B-4FB6-B770-8896F645AC32} = {CE426C94-8D5E-4B62-9661-2EB4FA7363FB}
		{E7D6E49F-8C4A-456C-9753-B6AF4AE7C936} = {E0E057D4-978B-4FB6-B770-8896F645AC32}
		{62B8AE2C-67DD-4030-92DF-1046CDEC0863} = {E0E057D4-978B-4FB6-B770-8896F645AC32}
	EndGlobalSection
	GlobalSection(ProjectConfigurationPlatforms) = postSolution
		{2B072BFA-08A5-4E55-BD3A-59DBB503FDD3}.Debug|Any CPU.ActiveCfg = Debug|Any CPU
		{2B072BFA-08A5-4E55-BD3A-59DBB503FDD3}.Debug|Any CPU.Build.0 = Debug|Any CPU
		{2B072BFA-08A5-4E55-BD3A-59DBB503FDD3}.Release|Any CPU.ActiveCfg = Release|Any CPU
		{2B072BFA-08A5-4E55-BD3A-59DBB503FDD3}.Release|Any CPU.Build.0 = Release|Any CPU
		{5099BE17-D2B7-4C93-9571-7F56F0EE3229}.Debug|Any CPU.ActiveCfg = Debug|Any CPU
		{5099BE17-D2B7-4C93-9571-7F56F0EE3229}.Debug|Any CPU.Build.0 = Debug|Any CPU
		{5099BE17-D2B7-4C93-9571-7F56F0EE3229}.Release|Any CPU.ActiveCfg = Release|Any CPU
		{5099BE17-D2B7-4C93-9571-7F56F0EE3229}.Release|Any CPU.Build.0 = Release|Any CPU
		{53074C42-FB59-4C3A-AAE3-EC885FBFC7D2}.Debug|Any CPU.ActiveCfg = Debug|Any CPU
		{53074C42-FB59-4C3A-AAE3-EC885FBFC7D2}.Debug|Any CPU.Build.0 = Debug|Any CPU
		{53074C42-FB59-4C3A-AAE3-EC885FBFC7D2}.Release|Any CPU.ActiveCfg = Release|Any CPU
		{53074C42-FB59-4C3A-AAE3-EC885FBFC7D2}.Release|Any CPU.Build.0 = Release|Any CPU
		{4FD59532-12D3-4962-AC92-6FF333D0F130}.Debug|Any CPU.ActiveCfg = Debug|Any CPU
		{4FD59532-12D3-4962-AC92-6FF333D0F130}.Debug|Any CPU.Build.0 = Debug|Any CPU
		{4FD59532-12D3-4962-AC92-6FF333D0F130}.Release|Any CPU.ActiveCfg = Release|Any CPU
		{4FD59532-12D3-4962-AC92-6FF333D0F130}.Release|Any CPU.Build.0 = Release|Any CPU
		{41800F27-BB27-41BC-95C2-070DAD684F18}.Debug|Any CPU.ActiveCfg = Debug|Any CPU
		{41800F27-BB27-41BC-95C2-070DAD684F18}.Debug|Any CPU.Build.0 = Debug|Any CPU
		{41800F27-BB27-41BC-95C2-070DAD684F18}.Release|Any CPU.ActiveCfg = Release|Any CPU
		{41800F27-BB27-41BC-95C2-070DAD684F18}.Release|Any CPU.Build.0 = Release|Any CPU
		{96953B90-19EF-4D9C-99D8-6317C9801BD4}.Debug|Any CPU.ActiveCfg = Debug|Any CPU
		{96953B90-19EF-4D9C-99D8-6317C9801BD4}.Debug|Any CPU.Build.0 = Debug|Any CPU
		{96953B90-19EF-4D9C-99D8-6317C9801BD4}.Release|Any CPU.ActiveCfg = Release|Any CPU
		{96953B90-19EF-4D9C-99D8-6317C9801BD4}.Release|Any CPU.Build.0 = Release|Any CPU
		{49731413-E92B-46DF-B8E7-03A9F64AF560}.Debug|Any CPU.ActiveCfg = Debug|Any CPU
		{49731413-E92B-46DF-B8E7-03A9F64AF560}.Debug|Any CPU.Build.0 = Debug|Any CPU
		{49731413-E92B-46DF-B8E7-03A9F64AF560}.Release|Any CPU.ActiveCfg = Release|Any CPU
		{49731413-E92B-46DF-B8E7-03A9F64AF560}.Release|Any CPU.Build.0 = Release|Any CPU
		{E72FC38C-FDED-40B1-9934-025D6EA24013}.Debug|Any CPU.ActiveCfg = Debug|Any CPU
		{E72FC38C-FDED-40B1-9934-025D6EA24013}.Debug|Any CPU.Build.0 = Debug|Any CPU
		{E72FC38C-FDED-40B1-9934-025D6EA24013}.Release|Any CPU.ActiveCfg = Release|Any CPU
		{E72FC38C-FDED-40B1-9934-025D6EA24013}.Release|Any CPU.Build.0 = Release|Any CPU
		{9C4D3404-C4DB-4900-9B01-C125F3E7DC76}.Debug|Any CPU.ActiveCfg = Debug|Any CPU
		{9C4D3404-C4DB-4900-9B01-C125F3E7DC76}.Debug|Any CPU.Build.0 = Debug|Any CPU
		{9C4D3404-C4DB-4900-9B01-C125F3E7DC76}.Release|Any CPU.ActiveCfg = Release|Any CPU
		{9C4D3404-C4DB-4900-9B01-C125F3E7DC76}.Release|Any CPU.Build.0 = Release|Any CPU
		{E7D6E49F-8C4A-456C-9753-B6AF4AE7C936}.Debug|Any CPU.ActiveCfg = Debug|Any CPU
		{E7D6E49F-8C4A-456C-9753-B6AF4AE7C936}.Debug|Any CPU.Build.0 = Debug|Any CPU
		{E7D6E49F-8C4A-456C-9753-B6AF4AE7C936}.Release|Any CPU.ActiveCfg = Release|Any CPU
		{E7D6E49F-8C4A-456C-9753-B6AF4AE7C936}.Release|Any CPU.Build.0 = Release|Any CPU
		{62B8AE2C-67DD-4030-92DF-1046CDEC0863}.Debug|Any CPU.ActiveCfg = Debug|Any CPU
		{62B8AE2C-67DD-4030-92DF-1046CDEC0863}.Debug|Any CPU.Build.0 = Debug|Any CPU
		{62B8AE2C-67DD-4030-92DF-1046CDEC0863}.Release|Any CPU.ActiveCfg = Release|Any CPU
		{62B8AE2C-67DD-4030-92DF-1046CDEC0863}.Release|Any CPU.Build.0 = Release|Any CPU
	EndGlobalSection
EndGlobal
